source_lock:
  source_repository: /Volumes/SSD990/autolab
  source_commit: dca04ac33e9ffcfc51edb3ae7e7bd558b1962d95
  source_branch: research/ecdlp-idea-gen-0718-batch2
  source_dirty: true
  source_identity_boundary: >-
    The commit identifies the tracked base only. The deterministic per-file
    manifest binds the selected tracked and untracked bytes and symlink targets.
  selected_roots:
    - tasks
    - research
    - experiments
    - output
    - research_ledger.md
  exclusions:
    - .git directories
    - __pycache__ directories
    - .agent-state directories
    - AppleDouble files (._*)
    - .DS_Store files
    - Python bytecode (*.pyc and *.pyo)
  selected_file_count: 186032
  selected_total_bytes: 51286418925
  selected_tree_sha256: be7c43abb7b4786a08081c795d54f7bcf0d7f42566f2eb41b240865324a4171c
  file_manifest: inputs/archive_from_autolab/autolab-migration-20260802-r1/file_manifest.jsonl
