source_lock:
  repository: https://github.com/wolfSSL/wolfssl
  prefix_tag: v5.9.1-stable
  postfix_tag: v5.9.2-stable
  prefix_tag_object_sha: fb2d72b70f4f823efa7dddf9e427700864adf513
  postfix_tag_object_sha: a82476d144290bf6a786607a16c224acff63d882
  prefix_commit: 1d363f3adceba9d1478230ede476a37b0dcdef24
  postfix_commit: ac01707f552c611fbd135cc723b2682b3e7f80f2
  expected_prefix_sha: fb2d72b70f4f823efa7dddf9e427700864adf513
  expected_postfix_sha: a82476d144290bf6a786607a16c224acff63d882
  expected_sha_equals_annotated_tag_object: true
  file_hashes:
    prefix:
      wolfcrypt/src/wc_mlkem.c:
        exists: true
        sha256: 02d4420399449f3225681257cea80608d68f7a5a2eee2297242852a09bac37e4
      wolfcrypt/src/wc_mlkem_poly.c:
        exists: true
        sha256: adb820e02dbf53e91ec526c9a0407f438b9e8ea2fbc05753ed5730e9d5762dd5
      wolfcrypt/src/wc_mlkem_asm.S:
        exists: true
        sha256: 71557364e67624cde0d8db46c26cf248075a2c251347b0ebc93177ecb6dc1f60
      wolfcrypt/src/port/arm/armv8-mlkem-asm.S:
        exists: true
        sha256: 7e1ed1e20d9aa8bf4f051345c107ab0e5fc33e635fc8230674d73b91038946e2
      wolfcrypt/src/port/arm/armv8-mlkem-asm_c.c:
        exists: true
        sha256: eafaa491480b8387dbe294c9de38831e56e596a97a228b65b2ff5e130dd70232
      wolfssl/wolfcrypt/wc_mlkem.h:
        exists: true
        sha256: ccdbfcf723018b4c7ab2faa51cfc858a7709e7855185f86b8970e19c12e66408
      wolfssl/wolfcrypt/mlkem.h:
        exists: true
        sha256: 6e296c6b76f97dee71fdcc7cc12c9419a7feca64d5c7521146c7674dfbe5a822
    postfix:
      wolfcrypt/src/wc_mlkem.c:
        exists: true
        sha256: be514f2cab80e0f06cff26d0d08bfae6b5cc973872a3ae9d069915d75c5a9293
      wolfcrypt/src/wc_mlkem_poly.c:
        exists: true
        sha256: 9fdc0b23a5be5ff87527112f687d39b2c7aa664d1568627ed046741208229343
      wolfcrypt/src/wc_mlkem_asm.S:
        exists: true
        sha256: 7c126f174d395a9b094a0e188bfb0b699b70f14537cef271650ba90f2f75b414
      wolfcrypt/src/port/arm/armv8-mlkem-asm.S:
        exists: true
        sha256: 7f93c219de7dbc7d4ff472190f8a6338e6ee41e490a18da515813e25c580f7be
      wolfcrypt/src/port/arm/armv8-mlkem-asm_c.c:
        exists: true
        sha256: 10805a68c5b9d65302a0e73cafbcdeb40f745fdd3b62dee655616e439d19aa7c
      wolfssl/wolfcrypt/wc_mlkem.h:
        exists: true
        sha256: cebef9d50efa1744d2ff86857db364f5623502ce33272aa17f574d3772bdc60d
      wolfssl/wolfcrypt/mlkem.h:
        exists: false
        sha256: null
  verified_by: implementation/source_premise_audit.py
