source_lock:
  wolfssl:
    repository: "https://github.com/wolfSSL/wolfssl"
    prefix_tag: v5.9.1-stable
    postfix_tag: v5.9.2-stable
    prefix_commit: 1d363f3adceba9d1478230ede476a37b0dcdef24
    postfix_commit: ac01707f552c611fbd135cc723b2682b3e7f80f2
  second_implementation:
    name: liboqs
    repository: "https://github.com/open-quantum-safe/liboqs"
    tag: 0.12.0
    resolved_commit: f4b96220e4bd208895172acc4fedb5a191d9f5b1
    reason: First preference in frozen order; built offline within build_select_and_anchor budget; both ciphertext verify symbols and OQS_KEM_decaps reachable.
  fips_203:
    publication_date: 2024-08-13
    doi: 10.6028/NIST.FIPS.203
  conformance_anchor:
    name: NIST_ACVP_ML-KEM_encapDecap_FIPS203_internalProjection_via_liboqs_in_tree
    grade: strong
    attempts:
      -
        url: "https://raw.githubusercontent.com/usnistgov/ACVP-Server/master/gen-val/json-files/ML-KEM-encapDecap-FIPS203/prompt.json"
        result: HTTP 200
        local: /tmp/exp-mlkem-003/anchors/prompt.json
      -
        url: "https://raw.githubusercontent.com/usnistgov/ACVP-Server/master/gen-val/json-files/ML-KEM-encapDecap-FIPS203/expectedResults.json"
        result: HTTP 200
        local: /tmp/exp-mlkem-003/anchors/expectedResults.json
      -
        source: liboqs in-tree
        path: tests/ACVP_Vectors/ML-KEM-encapDecap-FIPS203/internalProjection.json
        result: present
        local: /tmp/exp-mlkem-003/second-impl/liboqs/tests/ACVP_Vectors/ML-KEM-encapDecap-FIPS203/internalProjection.json
