source_lock:
  experiment_id: EXP-MLKEM-015
  locked_at: '2026-07-31'
  lattice_estimator:
    repository: https://github.com/malb/lattice-estimator
    commit: 3e48ef421ec256afddb3e7d2249a77eab6e9ba12
    files:
      estimator/lwe_dual.py: 8f6a077589393f907fbcc87b9ef812beafc73bf5cc78abc4f857924b80a21a8b
      estimator/reduction.py: b1354702c88a8309f78d373ae7f4b0b4347799abfd1a13c07e0fa75bf87bd59a
      estimator/schemes.py: 1381414eb6c3fb8d13e90f655a6db4c4a0e70293c89d297b90d8fb99a8b7d673
  pq_crystals_security_estimates:
    repository: https://github.com/pq-crystals/security-estimates
    commit: 75c26949a902ca297b181375bfb7cfaf22cce784
    files:
      Kyber.py: 82c0f891aad51c044777e75e411a7ed56f18b73a14c8c3b45331fe5f3078d546
      MLWE_security.py: 5973a51a9f33ee5729c65a4adb8282688b57e571e18c3d242c674e9e356b8091
      model_BKZ.py: 363caf95800cec5a0753c2fac02b1ae1c232ad728ddda43ba5f53a13e7751d94
  primary_pdfs:
    kyber_round3_spec:
      path: experiments/EXP-MLKEM-015/vendor-lock/kyber-round3-specification.pdf
      url: https://pq-crystals.org/kyber/data/kyber-specification-round3-20210804.pdf
      knowledge_id: KN-LIT-7618
    matzov_2022_report:
      path: experiments/EXP-MLKEM-015/vendor-lock/MATZOV-2022-Report_on_the_Security_of_LWE.pdf
      url: https://zenodo.org/records/6412487
      knowledge_id: KN-LIT-110
  match_pinned_hashes: true
  vendor_checkout_note: >-
    Local clones under experiments/EXP-MLKEM-015/vendor/ are reproducibility
    workspaces and are not required in git; reproduce via
    implementation/reproduce_estimates.py against the pinned commits.
