source_lock:
  wolfssl:
    repository: "https://github.com/wolfSSL/wolfssl"
    prefix_tag: v5.9.1-stable
    postfix_tag: v5.9.2-stable
    prefix_commit: 1d363f3adceba9d1478230ede476a37b0dcdef24
    postfix_commit: ac01707f552c611fbd135cc723b2682b3e7f80f2
    prefix_commit_peeled_expected: 1d363f3adceba9d1478230ede476a37b0dcdef24
    postfix_commit_peeled_expected: ac01707f552c611fbd135cc723b2682b3e7f80f2
  second_implementation:
    name: PQClean
    repository: "https://github.com/PQClean/PQClean"
    path: crypto_kem/ml-kem-1024/avx2/verify.c
    resolved_commit: 10738d92323117d84bb6202c85722ddfd96dc1d4
    backend: avx2
    criterion_used: widened_optimized_compare
    mechanism_class: optimized_compare_neighborhood
    mechanism_evidence: /tmp/exp-mlkem-007/pre-run/pqclean_mechanism_evidence.txt
    verify_file: /tmp/exp-mlkem-007/second-impl/PQClean/crypto_kem/ml-kem-1024/avx2/verify.c
    probe_binary: /tmp/exp-mlkem-007/harness/pqclean-probe
    why_chosen: "Default widened peer W1: previously rejected only for strict fixed-bound mismatch; under widened criterion it is an evidenced optimized-compare peer."
    build_status: built
  fips_203:
    publication_date: 2024-08-13
    doi: 10.6028/NIST.FIPS.203
  conformance_anchor:
    name: wolfSSL_postfix_scalar_self_consistency_encap_decap
    grade: weak
    file_actually_validated_against: none_nist_file_validation_failed_or_incomplete
    attempts:
      -
        url: "https://raw.githubusercontent.com/usnistgov/ACVP-Server/master/gen-val/json-files/ML-KEM-encapDecap-FIPS203/prompt.json"
        result: HTTP curl_rc=0
        local: /tmp/exp-mlkem-007/anchors/prompt.json
        used_for_validation: false
        grade_upgrade: false
        note: Downloaded but unused NIST files must not upgrade the grade.
      -
        url: "https://raw.githubusercontent.com/usnistgov/ACVP-Server/master/gen-val/json-files/ML-KEM-encapDecap-FIPS203/expectedResults.json"
        result: HTTP curl_rc=0
        local: /tmp/exp-mlkem-007/anchors/expectedResults.json
        used_for_validation: false
        grade_upgrade: false
        note: Downloaded but unused NIST files must not upgrade the grade.
    note: An implementation must not be graded strong against vectors shipped inside itself.
  build_timing_receipt: /tmp/exp-mlkem-007/pre-run/build_timing_receipt.json
