source_lock:
  repository: https://github.com/pq-crystals/security-estimates
  commit: 75c26949a902ca297b181375bfb7cfaf22cce784
  files:
    Kyber_failure.py: 7a68ce4c81ef1c829af58ae18df014e95b3789f4ad78482876aa00dc8543517a
    proba_util.py: 1489c43427c637ff427e648cb03865fd39ec9574b73466375277787db2d72423
    Kyber.py: 82c0f891aad51c044777e75e411a7ed56f18b73a14c8c3b45331fe5f3078d546
  match_pinned_hashes: true
  verified_at: '2026-07-24T02:06:15.836223+00:00'
