source_lock:
  wolfssl:
    repository: "https://github.com/wolfSSL/wolfssl"
    prefix_tag: v5.9.1-stable
    postfix_tag: v5.9.2-stable
    prefix_commit: 1d363f3adceba9d1478230ede476a37b0dcdef24
    postfix_commit: ac01707f552c611fbd135cc723b2682b3e7f80f2
    prefix_commit_peeled_expected: 1d363f3adceba9d1478230ede476a37b0dcdef24
    postfix_commit_peeled_expected: ac01707f552c611fbd135cc723b2682b3e7f80f2
  second_implementation:
    name: PQClean
    repository: "https://github.com/PQClean/PQClean"
    path: crypto_kem/ml-kem-1024/avx2/verify.c
    resolved_commit: 202a8f96315f9ed219387a50f7e40d04af037ea8
    backend: avx2
    criterion_used: widened_optimized_compare
    mechanism_class: optimized_compare_neighborhood
    probe_binary: /tmp/exp-mlkem-005/harness/pqclean-probe
    verify_file: /tmp/exp-mlkem-005/second-impl/PQClean/crypto_kem/ml-kem-1024/avx2/verify.c
    selection_report: analysis/second_implementation_selection.md
  fips_203:
    publication_date: 2024-08-13
    doi: 10.6028/NIST.FIPS.203
  conformance_anchor:
    name: wolfSSL_postfix_scalar_self_consistency_encap_decap
    grade: weak
    file_actually_validated_against: none_nist_file_validation_failed_or_incomplete
  build_timing_receipt: /tmp/exp-mlkem-005/pre-run/build_timing_receipt.json
